// !$*UTF8*$!
{
	archiveVersion = 1;
	classes = {
	};
	objectVersion = 56;
	objects = {

/* Begin PBXBuildFile section */
		77BACDC4297FDFB000AA63F5 /* AppDelegate.swift in Sources */ = {isa = PBXBuildFile; fileRef = 77BACDC3297FDFB000AA63F5 /* AppDelegate.swift */; };
		77BACDC6297FDFB000AA63F5 /* SceneDelegate.swift in Sources */ = {isa = PBXBuildFile; fileRef = 77BACDC5297FDFB000AA63F5 /* SceneDelegate.swift */; };
		77BACDC8297FDFB000AA63F5 /* LoginViewController.swift in Sources */ = {isa = PBXBuildFile; fileRef = 77BACDC7297FDFB000AA63F5 /* LoginViewController.swift */; };
		77BACDCB297FDFB000AA63F5 /* Main.storyboard in Resources */ = {isa = PBXBuildFile; fileRef = 77BACDC9297FDFB000AA63F5 /* Main.storyboard */; };
		77BACDCD297FDFB400AA63F5 /* Assets.xcassets in Resources */ = {isa = PBXBuildFile; fileRef = 77BACDCC297FDFB400AA63F5 /* Assets.xcassets */; };
		77BACDD0297FDFB400AA63F5 /* LaunchScreen.storyboard in Resources */ = {isa = PBXBuildFile; fileRef = 77BACDCE297FDFB400AA63F5 /* LaunchScreen.storyboard */; };
		77BACDDC29810AFD00AA63F5 /* GroupsTableViewController.swift in Sources */ = {isa = PBXBuildFile; fileRef = 77BACDDB29810AFD00AA63F5 /* GroupsTableViewController.swift */; };
		77BACDDE29810B7100AA63F5 /* GlobalSearchTableViewController.swift in Sources */ = {isa = PBXBuildFile; fileRef = 77BACDDD29810B7100AA63F5 /* GlobalSearchTableViewController.swift */; };
		77BACDEA29829D4800AA63F5 /* .gitignore in Resources */ = {isa = PBXBuildFile; fileRef = 77BACDE929829D4800AA63F5 /* .gitignore */; };
		77BACDEC2983B53F00AA63F5 /* Friends.swift in Sources */ = {isa = PBXBuildFile; fileRef = 77BACDEB2983B53F00AA63F5 /* Friends.swift */; };
		77BACDEE2983B62400AA63F5 /* FriendsList.swift in Sources */ = {isa = PBXBuildFile; fileRef = 77BACDED2983B62400AA63F5 /* FriendsList.swift */; };
		77BACDF22983BBC100AA63F5 /* FriendsListTableViewController.swift in Sources */ = {isa = PBXBuildFile; fileRef = 77BACDF12983BBC100AA63F5 /* FriendsListTableViewController.swift */; };
		77BACDF42983F95100AA63F5 /* PersonCollectionViewController.swift in Sources */ = {isa = PBXBuildFile; fileRef = 77BACDF32983F95000AA63F5 /* PersonCollectionViewController.swift */; };
		77BACDF62983FD1400AA63F5 /* CollectionViewCell.swift in Sources */ = {isa = PBXBuildFile; fileRef = 77BACDF52983FD1400AA63F5 /* CollectionViewCell.swift */; };
		77BACDF929840A0700AA63F5 /* GroupCell.swift in Sources */ = {isa = PBXBuildFile; fileRef = 77BACDF829840A0700AA63F5 /* GroupCell.swift */; };
		77BACDFB29840B5A00AA63F5 /* MyGroups.swift in Sources */ = {isa = PBXBuildFile; fileRef = 77BACDFA29840B5A00AA63F5 /* MyGroups.swift */; };
		77BACDFD298414E500AA63F5 /* GlobalSearchCellTableViewCell.swift in Sources */ = {isa = PBXBuildFile; fileRef = 77BACDFC298414E500AA63F5 /* GlobalSearchCellTableViewCell.swift */; };
/* End PBXBuildFile section */

/* Begin PBXFileReference section */
		77BACDC0297FDFB000AA63F5 /* VKontakte.app */ = {isa = PBXFileReference; explicitFileType = wrapper.application; includeInIndex = 0; path = VKontakte.app; sourceTree = BUILT_PRODUCTS_DIR; };
		77BACDC3297FDFB000AA63F5 /* AppDelegate.swift */ = {isa = PBXFileReference; lastKnownFileType = sourcecode.swift; path = AppDelegate.swift; sourceTree = "<group>"; };
		77BACDC5297FDFB000AA63F5 /* SceneDelegate.swift */ = {isa = PBXFileReference; lastKnownFileType = sourcecode.swift; path = SceneDelegate.swift; sourceTree = "<group>"; };
		77BACDC7297FDFB000AA63F5 /* LoginViewController.swift */ = {isa = PBXFileReference; lastKnownFileType = sourcecode.swift; path = LoginViewController.swift; sourceTree = "<group>"; };
		77BACDCA297FDFB000AA63F5 /* Base */ = {isa = PBXFileReference; lastKnownFileType = file.storyboard; name = Base; path = Base.lproj/Main.storyboard; sourceTree = "<group>"; };
		77BACDCC297FDFB400AA63F5 /* Assets.xcassets */ = {isa = PBXFileReference; lastKnownFileType = folder.assetcatalog; path = Assets.xcassets; sourceTree = "<group>"; };
		77BACDCF297FDFB400AA63F5 /* Base */ = {isa = PBXFileReference; lastKnownFileType = file.storyboard; name = Base; path = Base.lproj/LaunchScreen.storyboard; sourceTree = "<group>"; };
		77BACDD1297FDFB400AA63F5 /* Info.plist */ = {isa = PBXFileReference; lastKnownFileType = text.plist.xml; path = Info.plist; sourceTree = "<group>"; };
		77BACDDB29810AFD00AA63F5 /* GroupsTableViewController.swift */ = {isa = PBXFileReference; lastKnownFileType = sourcecode.swift; path = GroupsTableViewController.swift; sourceTree = "<group>"; };
		77BACDDD29810B7100AA63F5 /* GlobalSearchTableViewController.swift */ = {isa = PBXFileReference; lastKnownFileType = sourcecode.swift; path = GlobalSearchTableViewController.swift; sourceTree = "<group>"; };
		77BACDE929829D4800AA63F5 /* .gitignore */ = {isa = PBXFileReference; lastKnownFileType = text; path = .gitignore; sourceTree = "<group>"; };
		77BACDEB2983B53F00AA63F5 /* Friends.swift */ = {isa = PBXFileReference; lastKnownFileType = sourcecode.swift; path = Friends.swift; sourceTree = "<group>"; };
		77BACDED2983B62400AA63F5 /* FriendsList.swift */ = {isa = PBXFileReference; lastKnownFileType = sourcecode.swift; path = FriendsList.swift; sourceTree = "<group>"; };
		77BACDF12983BBC100AA63F5 /* FriendsListTableViewController.swift */ = {isa = PBXFileReference; lastKnownFileType = sourcecode.swift; path = FriendsListTableViewController.swift; sourceTree = "<group>"; };
		77BACDF32983F95000AA63F5 /* PersonCollectionViewController.swift */ = {isa = PBXFileReference; lastKnownFileType = sourcecode.swift; path = PersonCollectionViewController.swift; sourceTree = "<group>"; };
		77BACDF52983FD1400AA63F5 /* CollectionViewCell.swift */ = {isa = PBXFileReference; lastKnownFileType = sourcecode.swift; path = CollectionViewCell.swift; sourceTree = "<group>"; };
		77BACDF829840A0700AA63F5 /* GroupCell.swift */ = {isa = PBXFileReference; lastKnownFileType = sourcecode.swift; path = GroupCell.swift; sourceTree = "<group>"; };
		77BACDFA29840B5A00AA63F5 /* MyGroups.swift */ = {isa = PBXFileReference; lastKnownFileType = sourcecode.swift; path = MyGroups.swift; sourceTree = "<group>"; };
		77BACDFC298414E500AA63F5 /* GlobalSearchCellTableViewCell.swift */ = {isa = PBXFileReference; lastKnownFileType = sourcecode.swift; path = GlobalSearchCellTableViewCell.swift; sourceTree = "<group>"; };
/* End PBXFileReference section */

/* Begin PBXFrameworksBuildPhase section */
		77BACDBD297FDFB000AA63F5 /* Frameworks */ = {
			isa = PBXFrameworksBuildPhase;
			buildActionMask = 2147483647;
			files = (
			);
			runOnlyForDeploymentPostprocessing = 0;
		};
/* End PBXFrameworksBuildPhase section */

/* Begin PBXGroup section */
		77BACDB7297FDFB000AA63F5 = {
			isa = PBXGroup;
			children = (
				77BACDE929829D4800AA63F5 /* .gitignore */,
				77BACDC2297FDFB000AA63F5 /* VKontakte */,
				77BACDC1297FDFB000AA63F5 /* Products */,
			);
			sourceTree = "<group>";
		};
		77BACDC1297FDFB000AA63F5 /* Products */ = {
			isa = PBXGroup;
			children = (
				77BACDC0297FDFB000AA63F5 /* VKontakte.app */,
			);
			name = Products;
			sourceTree = "<group>";
		};
		77BACDC2297FDFB000AA63F5 /* VKontakte */ = {
			isa = PBXGroup;
			children = (
				77BACDC3297FDFB000AA63F5 /* AppDelegate.swift */,
				77BACDC5297FDFB000AA63F5 /* SceneDelegate.swift */,
				77BACDC9297FDFB000AA63F5 /* Main.storyboard */,
				77BACDFF2984FD1900AA63F5 /* View */,
				77BACDF7298404BB00AA63F5 /* Model */,
				77BACDFE2984FCFF00AA63F5 /* Controller */,
				77BACDCC297FDFB400AA63F5 /* Assets.xcassets */,
				77BACDCE297FDFB400AA63F5 /* LaunchScreen.storyboard */,
				77BACDD1297FDFB400AA63F5 /* Info.plist */,
			);
			path = VKontakte;
			sourceTree = "<group>";
		};
		77BACDF7298404BB00AA63F5 /* Model */ = {
			isa = PBXGroup;
			children = (
				77BACDEB2983B53F00AA63F5 /* Friends.swift */,
				77BACDFA29840B5A00AA63F5 /* MyGroups.swift */,
			);
			path = Model;
			sourceTree = "<group>";
		};
		77BACDFE2984FCFF00AA63F5 /* Controller */ = {
			isa = PBXGroup;
			children = (
				77BACDDB29810AFD00AA63F5 /* GroupsTableViewController.swift */,
				77BACDF32983F95000AA63F5 /* PersonCollectionViewController.swift */,
				77BACDF12983BBC100AA63F5 /* FriendsListTableViewController.swift */,
				77BACDC7297FDFB000AA63F5 /* LoginViewController.swift */,
				77BACDDD29810B7100AA63F5 /* GlobalSearchTableViewController.swift */,
			);
			path = Controller;
			sourceTree = "<group>";
		};
		77BACDFF2984FD1900AA63F5 /* View */ = {
			isa = PBXGroup;
			children = (
				77BACDFC298414E500AA63F5 /* GlobalSearchCellTableViewCell.swift */,
				77BACDF52983FD1400AA63F5 /* CollectionViewCell.swift */,
				77BACDED2983B62400AA63F5 /* FriendsList.swift */,
				77BACDF829840A0700AA63F5 /* GroupCell.swift */,
			);
			path = View;
			sourceTree = "<group>";
		};
/* End PBXGroup section */

/* Begin PBXNativeTarget section */
		77BACDBF297FDFB000AA63F5 /* VKontakte */ = {
			isa = PBXNativeTarget;
			buildConfigurationList = 77BACDD4297FDFB400AA63F5 /* Build configuration list for PBXNativeTarget "VKontakte" */;
			buildPhases = (
				77BACDBC297FDFB000AA63F5 /* Sources */,
				77BACDBD297FDFB000AA63F5 /* Frameworks */,
				77BACDBE297FDFB000AA63F5 /* Resources */,
			);
			buildRules = (
			);
			dependencies = (
			);
			name = VKontakte;
			productName = VKontakte;
			productReference = 77BACDC0297FDFB000AA63F5 /* VKontakte.app */;
			productType = "com.apple.product-type.application";
		};
/* End PBXNativeTarget section */

/* Begin PBXProject section */
		77BACDB8297FDFB000AA63F5 /* Project object */ = {
			isa = PBXProject;
			attributes = {
				BuildIndependentTargetsInParallel = 1;
				LastSwiftUpdateCheck = 1410;
				LastUpgradeCheck = 1410;
				TargetAttributes = {
					77BACDBF297FDFB000AA63F5 = {
						CreatedOnToolsVersion = 14.1;
					};
				};
			};
			buildConfigurationList = 77BACDBB297FDFB000AA63F5 /* Build configuration list for PBXProject "VKontakte" */;
			compatibilityVersion = "Xcode 14.0";
			developmentRegion = en;
			hasScannedForEncodings = 0;
			knownRegions = (
				en,
				Base,
			);
			mainGroup = 77BACDB7297FDFB000AA63F5;
			productRefGroup = 77BACDC1297FDFB000AA63F5 /* Products */;
			projectDirPath = "";
			projectRoot = "";
			targets = (
				77BACDBF297FDFB000AA63F5 /* VKontakte */,
			);
		};
/* End PBXProject section */

/* Begin PBXResourcesBuildPhase section */
		77BACDBE297FDFB000AA63F5 /* Resources */ = {
			isa = PBXResourcesBuildPhase;
			buildActionMask = 2147483647;
			files = (
				77BACDEA29829D4800AA63F5 /* .gitignore in Resources */,
				77BACDD0297FDFB400AA63F5 /* LaunchScreen.storyboard in Resources */,
				77BACDCD297FDFB400AA63F5 /* Assets.xcassets in Resources */,
				77BACDCB297FDFB000AA63F5 /* Main.storyboard in Resources */,
			);
			runOnlyForDeploymentPostprocessing = 0;
		};
/* End PBXResourcesBuildPhase section */

/* Begin PBXSourcesBuildPhase section */
		77BACDBC297FDFB000AA63F5 /* Sources */ = {
			isa = PBXSourcesBuildPhase;
			buildActionMask = 2147483647;
			files = (
				77BACDF62983FD1400AA63F5 /* CollectionViewCell.swift in Sources */,
				77BACDEE2983B62400AA63F5 /* FriendsList.swift in Sources */,
				77BACDF929840A0700AA63F5 /* GroupCell.swift in Sources */,
				77BACDC8297FDFB000AA63F5 /* LoginViewController.swift in Sources */,
				77BACDEC2983B53F00AA63F5 /* Friends.swift in Sources */,
				77BACDC4297FDFB000AA63F5 /* AppDelegate.swift in Sources */,
				77BACDDE29810B7100AA63F5 /* GlobalSearchTableViewController.swift in Sources */,
				77BACDFB29840B5A00AA63F5 /* MyGroups.swift in Sources */,
				77BACDF42983F95100AA63F5 /* PersonCollectionViewController.swift in Sources */,
				77BACDF22983BBC100AA63F5 /* FriendsListTableViewController.swift in Sources */,
				77BACDC6297FDFB000AA63F5 /* SceneDelegate.swift in Sources */,
				77BACDDC29810AFD00AA63F5 /* GroupsTableViewController.swift in Sources */,
				77BACDFD298414E500AA63F5 /* GlobalSearchCellTableViewCell.swift in Sources */,
			);
			runOnlyForDeploymentPostprocessing = 0;
		};
/* End PBXSourcesBuildPhase section */

/* Begin PBXVariantGroup section */
		77BACDC9297FDFB000AA63F5 /* Main.storyboard */ = {
			isa = PBXVariantGroup;
			children = (
				77BACDCA297FDFB000AA63F5 /* Base */,
			);
			name = Main.storyboard;
			sourceTree = "<group>";
		};
		77BACDCE297FDFB400AA63F5 /* LaunchScreen.storyboard */ = {
			isa = PBXVariantGroup;
			children = (
				77BACDCF297FDFB400AA63F5 /* Base */,
			);
			name = LaunchScreen.storyboard;
			sourceTree = "<group>";
		};
/* End PBXVariantGroup section */

/* Begin XCBuildConfiguration section */
		77BACDD2297FDFB400AA63F5 /* Debug */ = {
			isa = XCBuildConfiguration;
			buildSettings = {
				ALWAYS_SEARCH_USER_PATHS = NO;
				CLANG_ANALYZER_NONNULL = YES;
				CLANG_ANALYZER_NUMBER_OBJECT_CONVERSION = YES_AGGRESSIVE;
				CLANG_CXX_LANGUAGE_STANDARD = "gnu++20";
				CLANG_ENABLE_MODULES = YES;
				CLANG_ENABLE_OBJC_ARC = YES;
				CLANG_ENABLE_OBJC_WEAK = YES;
				CLANG_WARN_BLOCK_CAPTURE_AUTORELEASING = YES;
				CLANG_WARN_BOOL_CONVERSION = YES;
				CLANG_WARN_COMMA = YES;
				CLANG_WARN_CONSTANT_CONVERSION = YES;
				CLANG_WARN_DEPRECATED_OBJC_IMPLEMENTATIONS = YES;
				CLANG_WARN_DIRECT_OBJC_ISA_USAGE = YES_ERROR;
				CLANG_WARN_DOCUMENTATION_COMMENTS = YES;
				CLANG_WARN_EMPTY_BODY = YES;
				CLANG_WARN_ENUM_CONVERSION = YES;
				CLANG_WARN_INFINITE_RECURSION = YES;
				CLANG_WARN_INT_CONVERSION = YES;
				CLANG_WARN_NON_LITERAL_NULL_CONVERSION = YES;
				CLANG_WARN_OBJC_IMPLICIT_RETAIN_SELF = YES;
				CLANG_WARN_OBJC_LITERAL_CONVERSION = YES;
				CLANG_WARN_OBJC_ROOT_CLASS = YES_ERROR;
				CLANG_WARN_QUOTED_INCLUDE_IN_FRAMEWORK_HEADER = YES;
				CLANG_WARN_RANGE_LOOP_ANALYSIS = YES;
				CLANG_WARN_STRICT_PROTOTYPES = YES;
				CLANG_WARN_SUSPICIOUS_MOVE = YES;
				CLANG_WARN_UNGUARDED_AVAILABILITY = YES_AGGRESSIVE;
				CLANG_WARN_UNREACHABLE_CODE = YES;
				CLANG_WARN__DUPLICATE_METHOD_MATCH = YES;
				COPY_PHASE_STRIP = NO;
				DEBUG_INFORMATION_FORMAT = dwarf;
				ENABLE_STRICT_OBJC_MSGSEND = YES;
				ENABLE_TESTABILITY = YES;
				GCC_C_LANGUAGE_STANDARD = gnu11;
				GCC_DYNAMIC_NO_PIC = NO;
				GCC_NO_COMMON_BLOCKS = YES;
				GCC_OPTIMIZATION_LEVEL = 0;
				GCC_PREPROCESSOR_DEFINITIONS = (
					"DEBUG=1",
					"$(inherited)",
				);
				GCC_WARN_64_TO_32_BIT_CONVERSION = YES;
				GCC_WARN_ABOUT_RETURN_TYPE = YES_ERROR;
				GCC_WARN_UNDECLARED_SELECTOR = YES;
				GCC_WARN_UNINITIALIZED_AUTOS = YES_AGGRESSIVE;
				GCC_WARN_UNUSED_FUNCTION = YES;
				GCC_WARN_UNUSED_VARIABLE = YES;
				IPHONEOS_DEPLOYMENT_TARGET = 16.1;
				MTL_ENABLE_DEBUG_INFO = INCLUDE_SOURCE;
				MTL_FAST_MATH = YES;
				ONLY_ACTIVE_ARCH = YES;
				SDKROOT = iphoneos;
				SWIFT_ACTIVE_COMPILATION_CONDITIONS = DEBUG;
				SWIFT_OPTIMIZATION_LEVEL = "-Onone";
			};
			name = Debug;
		};
		77BACDD3297FDFB400AA63F5 /* Release */ = {
			isa = XCBuildConfiguration;
			buildSettings = {
				ALWAYS_SEARCH_USER_PATHS = NO;
				CLANG_ANALYZER_NONNULL = YES;
				CLANG_ANALYZER_NUMBER_OBJECT_CONVERSION = YES_AGGRESSIVE;
				CLANG_CXX_LANGUAGE_STANDARD = "gnu++20";
				CLANG_ENABLE_MODULES = YES;
				CLANG_ENABLE_OBJC_ARC = YES;
				CLANG_ENABLE_OBJC_WEAK = YES;
				CLANG_WARN_BLOCK_CAPTURE_AUTORELEASING = YES;
				CLANG_WARN_BOOL_CONVERSION = YES;
				CLANG_WARN_COMMA = YES;
				CLANG_WARN_CONSTANT_CONVERSION = YES;
				CLANG_WARN_DEPRECATED_OBJC_IMPLEMENTATIONS = YES;
				CLANG_WARN_DIRECT_OBJC_ISA_USAGE = YES_ERROR;
				CLANG_WARN_DOCUMENTATION_COMMENTS = YES;
				CLANG_WARN_EMPTY_BODY = YES;
				CLANG_WARN_ENUM_CONVERSION = YES;
				CLANG_WARN_INFINITE_RECURSION = YES;
				CLANG_WARN_INT_CONVERSION = YES;
				CLANG_WARN_NON_LITERAL_NULL_CONVERSION = YES;
				CLANG_WARN_OBJC_IMPLICIT_RETAIN_SELF = YES;
				CLANG_WARN_OBJC_LITERAL_CONVERSION = YES;
				CLANG_WARN_OBJC_ROOT_CLASS = YES_ERROR;
				CLANG_WARN_QUOTED_INCLUDE_IN_FRAMEWORK_HEADER = YES;
				CLANG_WARN_RANGE_LOOP_ANALYSIS = YES;
				CLANG_WARN_STRICT_PROTOTYPES = YES;
				CLANG_WARN_SUSPICIOUS_MOVE = YES;
				CLANG_WARN_UNGUARDED_AVAILABILITY = YES_AGGRESSIVE;
				CLANG_WARN_UNREACHABLE_CODE = YES;
				CLANG_WARN__DUPLICATE_METHOD_MATCH = YES;
				COPY_PHASE_STRIP = NO;
				DEBUG_INFORMATION_FORMAT = "dwarf-with-dsym";
				ENABLE_NS_ASSERTIONS = NO;
				ENABLE_STRICT_OBJC_MSGSEND = YES;
				GCC_C_LANGUAGE_STANDARD = gnu11;
				GCC_NO_COMMON_BLOCKS = YES;
				GCC_WARN_64_TO_32_BIT_CONVERSION = YES;
				GCC_WARN_ABOUT_RETURN_TYPE = YES_ERROR;
				GCC_WARN_UNDECLARED_SELECTOR = YES;
				GCC_WARN_UNINITIALIZED_AUTOS = YES_AGGRESSIVE;
				GCC_WARN_UNUSED_FUNCTION = YES;
				GCC_WARN_UNUSED_VARIABLE = YES;
				IPHONEOS_DEPLOYMENT_TARGET = 16.1;
				MTL_ENABLE_DEBUG_INFO = NO;
				MTL_FAST_MATH = YES;
				SDKROOT = iphoneos;
				SWIFT_COMPILATION_MODE = wholemodule;
				SWIFT_OPTIMIZATION_LEVEL = "-O";
				VALIDATE_PRODUCT = YES;
			};
			name = Release;
		};
		77BACDD5297FDFB400AA63F5 /* Debug */ = {
			isa = XCBuildConfiguration;
			buildSettings = {
				ASSETCATALOG_COMPILER_APPICON_NAME = AppIcon;
				ASSETCATALOG_COMPILER_GLOBAL_ACCENT_COLOR_NAME = AccentColor;
				CODE_SIGN_STYLE = Automatic;
				CURRENT_PROJECT_VERSION = 1;
				GENERATE_INFOPLIST_FILE = YES;
				INFOPLIST_FILE = VKontakte/Info.plist;
				INFOPLIST_KEY_UIApplicationSupportsIndirectInputEvents = YES;
				INFOPLIST_KEY_UILaunchStoryboardName = LaunchScreen;
				INFOPLIST_KEY_UIMainStoryboardFile = Main;
				INFOPLIST_KEY_UISupportedInterfaceOrientations_iPad = "UIInterfaceOrientationPortrait UIInterfaceOrientationPortraitUpsideDown UIInterfaceOrientationLandscapeLeft UIInterfaceOrientationLandscapeRight";
				INFOPLIST_KEY_UISupportedInterfaceOrientations_iPhone = "UIInterfaceOrientationPortrait UIInterfaceOrientationLandscapeLeft UIInterfaceOrientationLandscapeRight";
				LD_RUNPATH_SEARCH_PATHS = (
					"$(inherited)",
					"@executable_path/Frameworks",
				);
				MARKETING_VERSION = 1.0;
				PRODUCT_BUNDLE_IDENTIFIER = MaksimLopatin.VKontakte;
				PRODUCT_NAME = "$(TARGET_NAME)";
				SWIFT_EMIT_LOC_STRINGS = YES;
				SWIFT_VERSION = 5.0;
				TARGETED_DEVICE_FAMILY = "1,2";
			};
			name = Debug;
		};
		77BACDD6297FDFB400AA63F5 /* Release */ = {
			isa = XCBuildConfiguration;
			buildSettings = {
				ASSETCATALOG_COMPILER_APPICON_NAME = AppIcon;
				ASSETCATALOG_COMPILER_GLOBAL_ACCENT_COLOR_NAME = AccentColor;
				CODE_SIGN_STYLE = Automatic;
				CURRENT_PROJECT_VERSION = 1;
				GENERATE_INFOPLIST_FILE = YES;
				INFOPLIST_FILE = VKontakte/Info.plist;
				INFOPLIST_KEY_UIApplicationSupportsIndirectInputEvents = YES;
				INFOPLIST_KEY_UILaunchStoryboardName = LaunchScreen;
				INFOPLIST_KEY_UIMainStoryboardFile = Main;
				INFOPLIST_KEY_UISupportedInterfaceOrientations_iPad = "UIInterfaceOrientationPortrait UIInterfaceOrientationPortraitUpsideDown UIInterfaceOrientationLandscapeLeft UIInterfaceOrientationLandscapeRight";
				INFOPLIST_KEY_UISupportedInterfaceOrientations_iPhone = "UIInterfaceOrientationPortrait UIInterfaceOrientationLandscapeLeft UIInterfaceOrientationLandscapeRight";
				LD_RUNPATH_SEARCH_PATHS = (
					"$(inherited)",
					"@executable_path/Frameworks",
				);
				MARKETING_VERSION = 1.0;
				PRODUCT_BUNDLE_IDENTIFIER = MaksimLopatin.VKontakte;
				PRODUCT_NAME = "$(TARGET_NAME)";
				SWIFT_EMIT_LOC_STRINGS = YES;
				SWIFT_VERSION = 5.0;
				TARGETED_DEVICE_FAMILY = "1,2";
			};
			name = Release;
		};
/* End XCBuildConfiguration section */

/* Begin XCConfigurationList section */
		77BACDBB297FDFB000AA63F5 /* Build configuration list for PBXProject "VKontakte" */ = {
			isa = XCConfigurationList;
			buildConfigurations = (
				77BACDD2297FDFB400AA63F5 /* Debug */,
				77BACDD3297FDFB400AA63F5 /* Release */,
			);
			defaultConfigurationIsVisible = 0;
			defaultConfigurationName = Release;
		};
		77BACDD4297FDFB400AA63F5 /* Build configuration list for PBXNativeTarget "VKontakte" */ = {
			isa = XCConfigurationList;
			buildConfigurations = (
				77BACDD5297FDFB400AA63F5 /* Debug */,
				77BACDD6297FDFB400AA63F5 /* Release */,
			);
			defaultConfigurationIsVisible = 0;
			defaultConfigurationName = Release;
		};
/* End XCConfigurationList section */
	};
	rootObject = 77BACDB8297FDFB000AA63F5 /* Project object */;
}
